{
  "name": "primos-app",
  "version": "1.0.0",
  "lockfileVersion": 1,
  "requires": true,
  "dependencies": {
    "primos-radocode-module": {
      "version": "1.0.2",
      "resolved": "https://registry.npmjs.org/primos-radocode-module/-/primos-radocode-module-1.0.2.tgz",
      "integrity": "sha512-+wzOBePruVS4rbrWKFt8xbc9fUdx1Z/B0G3cuPruyT3/yFdW6oXeNbfYSGRIK/oTgHlL6p6ooDrUIcUliva30Q=="
    }
  }
}
